
Microsoft Visual Studio Solution File, Format Version 12.00
# Visual Studio Version 16
VisualStudioVersion = 16.0.29920.165
MinimumVisualStudioVersion = 10.0.40219.1
Project("{FAE04EC0-301F-11D3-BF4B-00C04F79EFBC}") = "cw1_v1", "cw1_v1\cw1_v1.csproj", "{95BC71D7-F01D-48FA-9CB3-DC1A1072F0CA}"
EndProject
Global
	GlobalSection(SolutionConfigurationPlatforms) = preSolution
		Debug|Any CPU = Debug|Any CPU
		Release|Any CPU = Release|Any CPU
	EndGlobalSection
	GlobalSection(ProjectConfigurationPlatforms) = postSolution
		{95BC71D7-F01D-48FA-9CB3-DC1A1072F0CA}.Debug|Any CPU.ActiveCfg = Debug|Any CPU
		{95BC71D7-F01D-48FA-9CB3-DC1A1072F0CA}.Debug|Any CPU.Build.0 = Debug|Any CPU
		{95BC71D7-F01D-48FA-9CB3-DC1A1072F0CA}.Release|Any CPU.ActiveCfg = Release|Any CPU
		{95BC71D7-F01D-48FA-9CB3-DC1A1072F0CA}.Release|Any CPU.Build.0 = Release|Any CPU
	EndGlobalSection
	GlobalSection(SolutionProperties) = preSolution
		HideSolutionNode = FALSE
	EndGlobalSection
	GlobalSection(ExtensibilityGlobals) = postSolution
		SolutionGuid = {C678E99A-F49E-401A-8EDE-96FD73AA3555}
	EndGlobalSection
EndGlobal
